
Microsoft Visual Studio Solution File, Format Version 12.00
# Visual Studio 15
VisualStudioVersion = 15.0.28307.168
MinimumVisualStudioVersion = 10.0.40219.1
Project("{FAE04EC0-301F-11D3-BF4B-00C04F79EFBC}") = "Trie", "Trie\Trie.csproj", "{B279A1B9-EA4C-408B-B8E7-03E983C15847}"
EndProject
Global
	GlobalSection(SolutionConfigurationPlatforms) = preSolution
		Debug|Any CPU = Debug|Any CPU
		Release|Any CPU = Release|Any CPU
	EndGlobalSection
	GlobalSection(ProjectConfigurationPlatforms) = postSolution
		{B279A1B9-EA4C-408B-B8E7-03E983C15847}.Debug|Any CPU.ActiveCfg = Debug|Any CPU
		{B279A1B9-EA4C-408B-B8E7-03E983C15847}.Debug|Any CPU.Build.0 = Debug|Any CPU
		{B279A1B9-EA4C-408B-B8E7-03E983C15847}.Release|Any CPU.ActiveCfg = Release|Any CPU
		{B279A1B9-EA4C-408B-B8E7-03E983C15847}.Release|Any CPU.Build.0 = Release|Any CPU
	EndGlobalSection
	GlobalSection(SolutionProperties) = preSolution
		HideSolutionNode = FALSE
	EndGlobalSection
	GlobalSection(ExtensibilityGlobals) = postSolution
		SolutionGuid = {76421BA7-AEBA-46D6-AAFA-E6A49BFA8A1C}
	EndGlobalSection
EndGlobal
